
Microsoft Visual Studio Solution File, Format Version 12.00
# Visual Studio Version 16
VisualStudioVersion = 16.0.30523.141
MinimumVisualStudioVersion = 10.0.40219.1
Project("{FAE04EC0-301F-11D3-BF4B-00C04F79EFBC}") = "WiiDerlands", "WiiDerlands\WiiDerlands.csproj", "{F2280950-DF86-4F95-B696-D5227029277E}"
EndProject
Global
	GlobalSection(SolutionConfigurationPlatforms) = preSolution
		Debug|Any CPU = Debug|Any CPU
		Release|Any CPU = Release|Any CPU
	EndGlobalSection
	GlobalSection(ProjectConfigurationPlatforms) = postSolution
		{F2280950-DF86-4F95-B696-D5227029277E}.Debug|Any CPU.ActiveCfg = Debug|Any CPU
		{F2280950-DF86-4F95-B696-D5227029277E}.Debug|Any CPU.Build.0 = Debug|Any CPU
		{F2280950-DF86-4F95-B696-D5227029277E}.Release|Any CPU.ActiveCfg = Release|Any CPU
		{F2280950-DF86-4F95-B696-D5227029277E}.Release|Any CPU.Build.0 = Release|Any CPU
	EndGlobalSection
	GlobalSection(SolutionProperties) = preSolution
		HideSolutionNode = FALSE
	EndGlobalSection
	GlobalSection(ExtensibilityGlobals) = postSolution
		SolutionGuid = {926DB43E-1BCD-49A4-8330-A5AD8B3EA812}
	EndGlobalSection
EndGlobal
