
Microsoft Visual Studio Solution File, Format Version 12.00
# Visual Studio Version 17
VisualStudioVersion = 17.2.32519.379
MinimumVisualStudioVersion = 10.0.40219.1
Project("{FAE04EC0-301F-11D3-BF4B-00C04F79EFBC}") = "WiiJoyKM", "WiiJoyKM\WiiJoyKM.csproj", "{C3392179-86A6-42A7-B5F1-50B6A9EEED73}"
EndProject
Global
	GlobalSection(SolutionConfigurationPlatforms) = preSolution
		Debug|Any CPU = Debug|Any CPU
		Release|Any CPU = Release|Any CPU
	EndGlobalSection
	GlobalSection(ProjectConfigurationPlatforms) = postSolution
		{C3392179-86A6-42A7-B5F1-50B6A9EEED73}.Debug|Any CPU.ActiveCfg = Debug|Any CPU
		{C3392179-86A6-42A7-B5F1-50B6A9EEED73}.Debug|Any CPU.Build.0 = Debug|Any CPU
		{C3392179-86A6-42A7-B5F1-50B6A9EEED73}.Release|Any CPU.ActiveCfg = Release|Any CPU
		{C3392179-86A6-42A7-B5F1-50B6A9EEED73}.Release|Any CPU.Build.0 = Release|Any CPU
	EndGlobalSection
	GlobalSection(SolutionProperties) = preSolution
		HideSolutionNode = FALSE
	EndGlobalSection
	GlobalSection(ExtensibilityGlobals) = postSolution
		SolutionGuid = {10F9D507-AF71-480D-98B6-65C42090A6DE}
	EndGlobalSection
EndGlobal
