
Microsoft Visual Studio Solution File, Format Version 12.00
# Visual Studio Version 17
VisualStudioVersion = 17.1.32319.34
MinimumVisualStudioVersion = 10.0.40219.1
Project("{FAE04EC0-301F-11D3-BF4B-00C04F79EFBC}") = "WiiJoyCoDb", "WiiJoyCoDb\WiiJoyCoDb.csproj", "{CFE21D36-A1AE-469D-A4CF-F34EEF27B8B8}"
EndProject
Global
	GlobalSection(SolutionConfigurationPlatforms) = preSolution
		Debug|Any CPU = Debug|Any CPU
		Release|Any CPU = Release|Any CPU
	EndGlobalSection
	GlobalSection(ProjectConfigurationPlatforms) = postSolution
		{CFE21D36-A1AE-469D-A4CF-F34EEF27B8B8}.Debug|Any CPU.ActiveCfg = Debug|Any CPU
		{CFE21D36-A1AE-469D-A4CF-F34EEF27B8B8}.Debug|Any CPU.Build.0 = Debug|Any CPU
		{CFE21D36-A1AE-469D-A4CF-F34EEF27B8B8}.Release|Any CPU.ActiveCfg = Release|Any CPU
		{CFE21D36-A1AE-469D-A4CF-F34EEF27B8B8}.Release|Any CPU.Build.0 = Release|Any CPU
	EndGlobalSection
	GlobalSection(SolutionProperties) = preSolution
		HideSolutionNode = FALSE
	EndGlobalSection
	GlobalSection(ExtensibilityGlobals) = postSolution
		SolutionGuid = {F1AC53D8-C2B3-4E3E-9AD6-6904C573A69D}
	EndGlobalSection
EndGlobal
