
Microsoft Visual Studio Solution File, Format Version 12.00
# Visual Studio Version 16
VisualStudioVersion = 16.0.30907.101
MinimumVisualStudioVersion = 10.0.40219.1
Project("{FAE04EC0-301F-11D3-BF4B-00C04F79EFBC}") = "WiiJoyXS", "WiiJoyXS\WiiJoyXS.csproj", "{4B165DF9-BBA4-474A-8E07-A968FFF25101}"
EndProject
Global
	GlobalSection(SolutionConfigurationPlatforms) = preSolution
		Debug|Any CPU = Debug|Any CPU
		Release|Any CPU = Release|Any CPU
	EndGlobalSection
	GlobalSection(ProjectConfigurationPlatforms) = postSolution
		{4B165DF9-BBA4-474A-8E07-A968FFF25101}.Debug|Any CPU.ActiveCfg = Debug|Any CPU
		{4B165DF9-BBA4-474A-8E07-A968FFF25101}.Debug|Any CPU.Build.0 = Debug|Any CPU
		{4B165DF9-BBA4-474A-8E07-A968FFF25101}.Release|Any CPU.ActiveCfg = Release|Any CPU
		{4B165DF9-BBA4-474A-8E07-A968FFF25101}.Release|Any CPU.Build.0 = Release|Any CPU
	EndGlobalSection
	GlobalSection(SolutionProperties) = preSolution
		HideSolutionNode = FALSE
	EndGlobalSection
	GlobalSection(ExtensibilityGlobals) = postSolution
		SolutionGuid = {29631536-0BDA-4F6A-BB88-F9C6B8B7352A}
	EndGlobalSection
EndGlobal
